
Microsoft Visual Studio Solution File, Format Version 12.00
Project("{FAE04EC0-301F-11D3-BF4B-00C04F79EFBC}") = "Enum.Common", "Enum.Common\Enum.Common.csproj", "{212FC957-6927-461A-9691-A61FC7187666}"
EndProject
Project("{FAE04EC0-301F-11D3-BF4B-00C04F79EFBC}") = "Settings.Common", "Settings.Common\Settings.Common.csproj", "{D1F42D81-4048-42E5-B41C-B880E128BED1}"
EndProject
Project("{FAE04EC0-301F-11D3-BF4B-00C04F79EFBC}") = "UtilityTools.CarFiller", "UtilityTools.CarFiller\UtilityTools.CarFiller.csproj", "{007CB8ED-E60E-4185-B1FD-7B35B77AE801}"
EndProject
Project("{FAE04EC0-301F-11D3-BF4B-00C04F79EFBC}") = "Public.UseCase", "Public.UseCase\Public.UseCase.csproj", "{B6507C2F-C287-481D-B2C4-F74C807636DB}"
EndProject
Project("{FAE04EC0-301F-11D3-BF4B-00C04F79EFBC}") = "Public.Models", "Public.Models\Public.Models.csproj", "{CE084899-AF31-47BC-9D48-62002B092573}"
EndProject
Project("{FAE04EC0-301F-11D3-BF4B-00C04F79EFBC}") = "Private.Services", "Private.Services\Private.Services.csproj", "{F81E7EC0-924F-44BC-922A-DFDE849311E8}"
EndProject
Project("{FAE04EC0-301F-11D3-BF4B-00C04F79EFBC}") = "Private.ServicesInterfaces", "Private.ServicesInterfaces\Private.ServicesInterfaces.csproj", "{D732C11B-2B20-4638-B2DD-053849E3E98A}"
EndProject
Project("{FAE04EC0-301F-11D3-BF4B-00C04F79EFBC}") = "Private.StorageModels", "Private.StorageModels\Private.StorageModels.csproj", "{894A6AF3-624C-47A9-B150-8E06DCA12C06}"
EndProject
Project("{FAE04EC0-301F-11D3-BF4B-00C04F79EFBC}") = "Private.Storages", "Private.Storages\Private.Storages.csproj", "{5CC80A04-0FF2-4674-87A2-41317A3FC10A}"
EndProject
Project("{FAE04EC0-301F-11D3-BF4B-00C04F79EFBC}") = "Public.Api", "Public.Api\Public.Api.csproj", "{19EE7E92-712A-45C7-8385-829CA9535EF1}"
EndProject
Global
	GlobalSection(SolutionConfigurationPlatforms) = preSolution
		Debug|Any CPU = Debug|Any CPU
		Release|Any CPU = Release|Any CPU
	EndGlobalSection
	GlobalSection(ProjectConfigurationPlatforms) = postSolution
		{212FC957-6927-461A-9691-A61FC7187666}.Debug|Any CPU.ActiveCfg = Debug|Any CPU
		{212FC957-6927-461A-9691-A61FC7187666}.Debug|Any CPU.Build.0 = Debug|Any CPU
		{212FC957-6927-461A-9691-A61FC7187666}.Release|Any CPU.ActiveCfg = Release|Any CPU
		{212FC957-6927-461A-9691-A61FC7187666}.Release|Any CPU.Build.0 = Release|Any CPU
		{D1F42D81-4048-42E5-B41C-B880E128BED1}.Debug|Any CPU.ActiveCfg = Debug|Any CPU
		{D1F42D81-4048-42E5-B41C-B880E128BED1}.Debug|Any CPU.Build.0 = Debug|Any CPU
		{D1F42D81-4048-42E5-B41C-B880E128BED1}.Release|Any CPU.ActiveCfg = Release|Any CPU
		{D1F42D81-4048-42E5-B41C-B880E128BED1}.Release|Any CPU.Build.0 = Release|Any CPU
		{007CB8ED-E60E-4185-B1FD-7B35B77AE801}.Debug|Any CPU.ActiveCfg = Debug|Any CPU
		{007CB8ED-E60E-4185-B1FD-7B35B77AE801}.Debug|Any CPU.Build.0 = Debug|Any CPU
		{007CB8ED-E60E-4185-B1FD-7B35B77AE801}.Release|Any CPU.ActiveCfg = Release|Any CPU
		{007CB8ED-E60E-4185-B1FD-7B35B77AE801}.Release|Any CPU.Build.0 = Release|Any CPU
		{B6507C2F-C287-481D-B2C4-F74C807636DB}.Debug|Any CPU.ActiveCfg = Debug|Any CPU
		{B6507C2F-C287-481D-B2C4-F74C807636DB}.Debug|Any CPU.Build.0 = Debug|Any CPU
		{B6507C2F-C287-481D-B2C4-F74C807636DB}.Release|Any CPU.ActiveCfg = Release|Any CPU
		{B6507C2F-C287-481D-B2C4-F74C807636DB}.Release|Any CPU.Build.0 = Release|Any CPU
		{CE084899-AF31-47BC-9D48-62002B092573}.Debug|Any CPU.ActiveCfg = Debug|Any CPU
		{CE084899-AF31-47BC-9D48-62002B092573}.Debug|Any CPU.Build.0 = Debug|Any CPU
		{CE084899-AF31-47BC-9D48-62002B092573}.Release|Any CPU.ActiveCfg = Release|Any CPU
		{CE084899-AF31-47BC-9D48-62002B092573}.Release|Any CPU.Build.0 = Release|Any CPU
		{F81E7EC0-924F-44BC-922A-DFDE849311E8}.Debug|Any CPU.ActiveCfg = Debug|Any CPU
		{F81E7EC0-924F-44BC-922A-DFDE849311E8}.Debug|Any CPU.Build.0 = Debug|Any CPU
		{F81E7EC0-924F-44BC-922A-DFDE849311E8}.Release|Any CPU.ActiveCfg = Release|Any CPU
		{F81E7EC0-924F-44BC-922A-DFDE849311E8}.Release|Any CPU.Build.0 = Release|Any CPU
		{D732C11B-2B20-4638-B2DD-053849E3E98A}.Debug|Any CPU.ActiveCfg = Debug|Any CPU
		{D732C11B-2B20-4638-B2DD-053849E3E98A}.Debug|Any CPU.Build.0 = Debug|Any CPU
		{D732C11B-2B20-4638-B2DD-053849E3E98A}.Release|Any CPU.ActiveCfg = Release|Any CPU
		{D732C11B-2B20-4638-B2DD-053849E3E98A}.Release|Any CPU.Build.0 = Release|Any CPU
		{894A6AF3-624C-47A9-B150-8E06DCA12C06}.Debug|Any CPU.ActiveCfg = Debug|Any CPU
		{894A6AF3-624C-47A9-B150-8E06DCA12C06}.Debug|Any CPU.Build.0 = Debug|Any CPU
		{894A6AF3-624C-47A9-B150-8E06DCA12C06}.Release|Any CPU.ActiveCfg = Release|Any CPU
		{894A6AF3-624C-47A9-B150-8E06DCA12C06}.Release|Any CPU.Build.0 = Release|Any CPU
		{5CC80A04-0FF2-4674-87A2-41317A3FC10A}.Debug|Any CPU.ActiveCfg = Debug|Any CPU
		{5CC80A04-0FF2-4674-87A2-41317A3FC10A}.Debug|Any CPU.Build.0 = Debug|Any CPU
		{5CC80A04-0FF2-4674-87A2-41317A3FC10A}.Release|Any CPU.ActiveCfg = Release|Any CPU
		{5CC80A04-0FF2-4674-87A2-41317A3FC10A}.Release|Any CPU.Build.0 = Release|Any CPU
		{19EE7E92-712A-45C7-8385-829CA9535EF1}.Debug|Any CPU.ActiveCfg = Debug|Any CPU
		{19EE7E92-712A-45C7-8385-829CA9535EF1}.Debug|Any CPU.Build.0 = Debug|Any CPU
		{19EE7E92-712A-45C7-8385-829CA9535EF1}.Release|Any CPU.ActiveCfg = Release|Any CPU
		{19EE7E92-712A-45C7-8385-829CA9535EF1}.Release|Any CPU.Build.0 = Release|Any CPU
	EndGlobalSection
	GlobalSection(NestedProjects) = preSolution
	EndGlobalSection
EndGlobal
